// !$*UTF8*$!
{
	archiveVersion = 1;
	classes = {
	};
	objectVersion = 56;
	objects = {

/* Begin PBXBuildFile section */
		720A243B2C04A5FD00DB0BB7 /* PopularCities.storyboard in Resources */ = {isa = PBXBuildFile; fileRef = 720A243A2C04A5FD00DB0BB7 /* PopularCities.storyboard */; };
		720A243D2C04A74500DB0BB7 /* PopularCitiesViewController.swift in Sources */ = {isa = PBXBuildFile; fileRef = 720A243C2C04A74500DB0BB7 /* PopularCitiesViewController.swift */; };
		720A24402C04B63800DB0BB7 /* CitiesTableViewCell.swift in Sources */ = {isa = PBXBuildFile; fileRef = 720A243E2C04B63800DB0BB7 /* CitiesTableViewCell.swift */; };
		720A24412C04B63800DB0BB7 /* CitiesTableViewCell.xib in Resources */ = {isa = PBXBuildFile; fileRef = 720A243F2C04B63800DB0BB7 /* CitiesTableViewCell.xib */; };
		720A24432C04BAC600DB0BB7 /* TravelModel.swift in Sources */ = {isa = PBXBuildFile; fileRef = 720A24422C04BAC600DB0BB7 /* TravelModel.swift */; };
		720A24462C04BFBE00DB0BB7 /* ADTableViewCell.swift in Sources */ = {isa = PBXBuildFile; fileRef = 720A24442C04BFBE00DB0BB7 /* ADTableViewCell.swift */; };
		720A24472C04BFBE00DB0BB7 /* ADTableViewCell.xib in Resources */ = {isa = PBXBuildFile; fileRef = 720A24452C04BFBE00DB0BB7 /* ADTableViewCell.xib */; };
		724A26882C03047A00A79F1B /* AppDelegate.swift in Sources */ = {isa = PBXBuildFile; fileRef = 724A26872C03047A00A79F1B /* AppDelegate.swift */; };
		724A268A2C03047A00A79F1B /* SceneDelegate.swift in Sources */ = {isa = PBXBuildFile; fileRef = 724A26892C03047A00A79F1B /* SceneDelegate.swift */; };
		724A268C2C03047A00A79F1B /* ViewController.swift in Sources */ = {isa = PBXBuildFile; fileRef = 724A268B2C03047A00A79F1B /* ViewController.swift */; };
		724A268F2C03047A00A79F1B /* Base in Resources */ = {isa = PBXBuildFile; fileRef = 724A268E2C03047A00A79F1B /* Base */; };
		724A26912C03047B00A79F1B /* Assets.xcassets in Resources */ = {isa = PBXBuildFile; fileRef = 724A26902C03047B00A79F1B /* Assets.xcassets */; };
		724A26942C03047B00A79F1B /* Base in Resources */ = {isa = PBXBuildFile; fileRef = 724A26932C03047B00A79F1B /* Base */; };
		724A269C2C03060700A79F1B /* MagazineInfo.swift in Sources */ = {isa = PBXBuildFile; fileRef = 724A269B2C03060700A79F1B /* MagazineInfo.swift */; };
		724A269E2C03097600A79F1B /* TravelMagazineTableViewController.swift in Sources */ = {isa = PBXBuildFile; fileRef = 724A269D2C03097600A79F1B /* TravelMagazineTableViewController.swift */; };
		724A26A02C0309BF00A79F1B /* TravelTableViewCell.swift in Sources */ = {isa = PBXBuildFile; fileRef = 724A269F2C0309BF00A79F1B /* TravelTableViewCell.swift */; };
		724A26A32C030FF300A79F1B /* Kingfisher in Frameworks */ = {isa = PBXBuildFile; productRef = 724A26A22C030FF300A79F1B /* Kingfisher */; };
		724A26A52C031AE600A79F1B /* Restaurant.swift in Sources */ = {isa = PBXBuildFile; fileRef = 724A26A42C031AE600A79F1B /* Restaurant.swift */; };
		724A26A72C03209C00A79F1B /* RestaurantTableViewController.swift in Sources */ = {isa = PBXBuildFile; fileRef = 724A26A62C03209C00A79F1B /* RestaurantTableViewController.swift */; };
		724A26A92C0320BA00A79F1B /* RestaurantTableViewCell.swift in Sources */ = {isa = PBXBuildFile; fileRef = 724A26A82C0320BA00A79F1B /* RestaurantTableViewCell.swift */; };
/* End PBXBuildFile section */

/* Begin PBXFileReference section */
		720A243A2C04A5FD00DB0BB7 /* PopularCities.storyboard */ = {isa = PBXFileReference; lastKnownFileType = file.storyboard; path = PopularCities.storyboard; sourceTree = "<group>"; };
		720A243C2C04A74500DB0BB7 /* PopularCitiesViewController.swift */ = {isa = PBXFileReference; lastKnownFileType = sourcecode.swift; path = PopularCitiesViewController.swift; sourceTree = "<group>"; };
		720A243E2C04B63800DB0BB7 /* CitiesTableViewCell.swift */ = {isa = PBXFileReference; lastKnownFileType = sourcecode.swift; path = CitiesTableViewCell.swift; sourceTree = "<group>"; };
		720A243F2C04B63800DB0BB7 /* CitiesTableViewCell.xib */ = {isa = PBXFileReference; lastKnownFileType = file.xib; path = CitiesTableViewCell.xib; sourceTree = "<group>"; };
		720A24422C04BAC600DB0BB7 /* TravelModel.swift */ = {isa = PBXFileReference; fileEncoding = 4; lastKnownFileType = sourcecode.swift; path = TravelModel.swift; sourceTree = "<group>"; };
		720A24442C04BFBE00DB0BB7 /* ADTableViewCell.swift */ = {isa = PBXFileReference; lastKnownFileType = sourcecode.swift; path = ADTableViewCell.swift; sourceTree = "<group>"; };
		720A24452C04BFBE00DB0BB7 /* ADTableViewCell.xib */ = {isa = PBXFileReference; lastKnownFileType = file.xib; path = ADTableViewCell.xib; sourceTree = "<group>"; };
		724A26842C03047A00A79F1B /* TravelMagazine.app */ = {isa = PBXFileReference; explicitFileType = wrapper.application; includeInIndex = 0; path = TravelMagazine.app; sourceTree = BUILT_PRODUCTS_DIR; };
		724A26872C03047A00A79F1B /* AppDelegate.swift */ = {isa = PBXFileReference; lastKnownFileType = sourcecode.swift; path = AppDelegate.swift; sourceTree = "<group>"; };
		724A26892C03047A00A79F1B /* SceneDelegate.swift */ = {isa = PBXFileReference; lastKnownFileType = sourcecode.swift; path = SceneDelegate.swift; sourceTree = "<group>"; };
		724A268B2C03047A00A79F1B /* ViewController.swift */ = {isa = PBXFileReference; lastKnownFileType = sourcecode.swift; path = ViewController.swift; sourceTree = "<group>"; };
		724A268E2C03047A00A79F1B /* Base */ = {isa = PBXFileReference; lastKnownFileType = file.storyboard; name = Base; path = Base.lproj/Main.storyboard; sourceTree = "<group>"; };
		724A26902C03047B00A79F1B /* Assets.xcassets */ = {isa = PBXFileReference; lastKnownFileType = folder.assetcatalog; path = Assets.xcassets; sourceTree = "<group>"; };
		724A26932C03047B00A79F1B /* Base */ = {isa = PBXFileReference; lastKnownFileType = file.storyboard; name = Base; path = Base.lproj/LaunchScreen.storyboard; sourceTree = "<group>"; };
		724A26952C03047B00A79F1B /* Info.plist */ = {isa = PBXFileReference; lastKnownFileType = text.plist.xml; path = Info.plist; sourceTree = "<group>"; };
		724A269B2C03060700A79F1B /* MagazineInfo.swift */ = {isa = PBXFileReference; fileEncoding = 4; lastKnownFileType = sourcecode.swift; path = MagazineInfo.swift; sourceTree = "<group>"; };
		724A269D2C03097600A79F1B /* TravelMagazineTableViewController.swift */ = {isa = PBXFileReference; lastKnownFileType = sourcecode.swift; path = TravelMagazineTableViewController.swift; sourceTree = "<group>"; };
		724A269F2C0309BF00A79F1B /* TravelTableViewCell.swift */ = {isa = PBXFileReference; lastKnownFileType = sourcecode.swift; path = TravelTableViewCell.swift; sourceTree = "<group>"; };
		724A26A42C031AE600A79F1B /* Restaurant.swift */ = {isa = PBXFileReference; fileEncoding = 4; lastKnownFileType = sourcecode.swift; path = Restaurant.swift; sourceTree = "<group>"; };
		724A26A62C03209C00A79F1B /* RestaurantTableViewController.swift */ = {isa = PBXFileReference; lastKnownFileType = sourcecode.swift; path = RestaurantTableViewController.swift; sourceTree = "<group>"; };
		724A26A82C0320BA00A79F1B /* RestaurantTableViewCell.swift */ = {isa = PBXFileReference; lastKnownFileType = sourcecode.swift; path = RestaurantTableViewCell.swift; sourceTree = "<group>"; };
/* End PBXFileReference section */

/* Begin PBXFrameworksBuildPhase section */
		724A26812C03047A00A79F1B /* Frameworks */ = {
			isa = PBXFrameworksBuildPhase;
			buildActionMask = 2147483647;
			files = (
				724A26A32C030FF300A79F1B /* Kingfisher in Frameworks */,
			);
			runOnlyForDeploymentPostprocessing = 0;
		};
/* End PBXFrameworksBuildPhase section */

/* Begin PBXGroup section */
		724A267B2C03047A00A79F1B = {
			isa = PBXGroup;
			children = (
				724A26862C03047A00A79F1B /* TravelMagazine */,
				724A26852C03047A00A79F1B /* Products */,
			);
			sourceTree = "<group>";
		};
		724A26852C03047A00A79F1B /* Products */ = {
			isa = PBXGroup;
			children = (
				724A26842C03047A00A79F1B /* TravelMagazine.app */,
			);
			name = Products;
			sourceTree = "<group>";
		};
		724A26862C03047A00A79F1B /* TravelMagazine */ = {
			isa = PBXGroup;
			children = (
				724A26872C03047A00A79F1B /* AppDelegate.swift */,
				724A26892C03047A00A79F1B /* SceneDelegate.swift */,
				724A268B2C03047A00A79F1B /* ViewController.swift */,
				724A269B2C03060700A79F1B /* MagazineInfo.swift */,
				724A26A42C031AE600A79F1B /* Restaurant.swift */,
				724A26A62C03209C00A79F1B /* RestaurantTableViewController.swift */,
				724A26A82C0320BA00A79F1B /* RestaurantTableViewCell.swift */,
				724A269F2C0309BF00A79F1B /* TravelTableViewCell.swift */,
				724A269D2C03097600A79F1B /* TravelMagazineTableViewController.swift */,
				724A268D2C03047A00A79F1B /* Main.storyboard */,
				720A243A2C04A5FD00DB0BB7 /* PopularCities.storyboard */,
				720A243F2C04B63800DB0BB7 /* CitiesTableViewCell.xib */,
				720A24452C04BFBE00DB0BB7 /* ADTableViewCell.xib */,
				720A24442C04BFBE00DB0BB7 /* ADTableViewCell.swift */,
				720A24422C04BAC600DB0BB7 /* TravelModel.swift */,
				720A243C2C04A74500DB0BB7 /* PopularCitiesViewController.swift */,
				720A243E2C04B63800DB0BB7 /* CitiesTableViewCell.swift */,
				724A26902C03047B00A79F1B /* Assets.xcassets */,
				724A26922C03047B00A79F1B /* LaunchScreen.storyboard */,
				724A26952C03047B00A79F1B /* Info.plist */,
			);
			path = TravelMagazine;
			sourceTree = "<group>";
		};
/* End PBXGroup section */

/* Begin PBXNativeTarget section */
		724A26832C03047A00A79F1B /* TravelMagazine */ = {
			isa = PBXNativeTarget;
			buildConfigurationList = 724A26982C03047B00A79F1B /* Build configuration list for PBXNativeTarget "TravelMagazine" */;
			buildPhases = (
				724A26802C03047A00A79F1B /* Sources */,
				724A26812C03047A00A79F1B /* Frameworks */,
				724A26822C03047A00A79F1B /* Resources */,
			);
			buildRules = (
			);
			dependencies = (
			);
			name = TravelMagazine;
			packageProductDependencies = (
				724A26A22C030FF300A79F1B /* Kingfisher */,
			);
			productName = TravelMagazine;
			productReference = 724A26842C03047A00A79F1B /* TravelMagazine.app */;
			productType = "com.apple.product-type.application";
		};
/* End PBXNativeTarget section */

/* Begin PBXProject section */
		724A267C2C03047A00A79F1B /* Project object */ = {
			isa = PBXProject;
			attributes = {
				BuildIndependentTargetsInParallel = 1;
				LastSwiftUpdateCheck = 1530;
				LastUpgradeCheck = 1530;
				TargetAttributes = {
					724A26832C03047A00A79F1B = {
						CreatedOnToolsVersion = 15.3;
					};
				};
			};
			buildConfigurationList = 724A267F2C03047A00A79F1B /* Build configuration list for PBXProject "TravelMagazine" */;
			compatibilityVersion = "Xcode 14.0";
			developmentRegion = en;
			hasScannedForEncodings = 0;
			knownRegions = (
				en,
				Base,
			);
			mainGroup = 724A267B2C03047A00A79F1B;
			packageReferences = (
				724A26A12C030FF300A79F1B /* XCRemoteSwiftPackageReference "Kingfisher" */,
			);
			productRefGroup = 724A26852C03047A00A79F1B /* Products */;
			projectDirPath = "";
			projectRoot = "";
			targets = (
				724A26832C03047A00A79F1B /* TravelMagazine */,
			);
		};
/* End PBXProject section */

/* Begin PBXResourcesBuildPhase section */
		724A26822C03047A00A79F1B /* Resources */ = {
			isa = PBXResourcesBuildPhase;
			buildActionMask = 2147483647;
			files = (
				720A24472C04BFBE00DB0BB7 /* ADTableViewCell.xib in Resources */,
				724A26912C03047B00A79F1B /* Assets.xcassets in Resources */,
				720A24412C04B63800DB0BB7 /* CitiesTableViewCell.xib in Resources */,
				724A26942C03047B00A79F1B /* Base in Resources */,
				724A268F2C03047A00A79F1B /* Base in Resources */,
				720A243B2C04A5FD00DB0BB7 /* PopularCities.storyboard in Resources */,
			);
			runOnlyForDeploymentPostprocessing = 0;
		};
/* End PBXResourcesBuildPhase section */

/* Begin PBXSourcesBuildPhase section */
		724A26802C03047A00A79F1B /* Sources */ = {
			isa = PBXSourcesBuildPhase;
			buildActionMask = 2147483647;
			files = (
				724A268C2C03047A00A79F1B /* ViewController.swift in Sources */,
				724A26A02C0309BF00A79F1B /* TravelTableViewCell.swift in Sources */,
				724A269C2C03060700A79F1B /* MagazineInfo.swift in Sources */,
				720A24462C04BFBE00DB0BB7 /* ADTableViewCell.swift in Sources */,
				720A24432C04BAC600DB0BB7 /* TravelModel.swift in Sources */,
				720A243D2C04A74500DB0BB7 /* PopularCitiesViewController.swift in Sources */,
				720A24402C04B63800DB0BB7 /* CitiesTableViewCell.swift in Sources */,
				724A26A52C031AE600A79F1B /* Restaurant.swift in Sources */,
				724A26882C03047A00A79F1B /* AppDelegate.swift in Sources */,
				724A269E2C03097600A79F1B /* TravelMagazineTableViewController.swift in Sources */,
				724A26A72C03209C00A79F1B /* RestaurantTableViewController.swift in Sources */,
				724A26A92C0320BA00A79F1B /* RestaurantTableViewCell.swift in Sources */,
				724A268A2C03047A00A79F1B /* SceneDelegate.swift in Sources */,
			);
			runOnlyForDeploymentPostprocessing = 0;
		};
/* End PBXSourcesBuildPhase section */

/* Begin PBXVariantGroup section */
		724A268D2C03047A00A79F1B /* Main.storyboard */ = {
			isa = PBXVariantGroup;
			children = (
				724A268E2C03047A00A79F1B /* Base */,
			);
			name = Main.storyboard;
			sourceTree = "<group>";
		};
		724A26922C03047B00A79F1B /* LaunchScreen.storyboard */ = {
			isa = PBXVariantGroup;
			children = (
				724A26932C03047B00A79F1B /* Base */,
			);
			name = LaunchScreen.storyboard;
			sourceTree = "<group>";
		};
/* End PBXVariantGroup section */

/* Begin XCBuildConfiguration section */
		724A26962C03047B00A79F1B /* Debug */ = {
			isa = XCBuildConfiguration;
			buildSettings = {
				ALWAYS_SEARCH_USER_PATHS = NO;
				ASSETCATALOG_COMPILER_GENERATE_SWIFT_ASSET_SYMBOL_EXTENSIONS = YES;
				CLANG_ANALYZER_NONNULL = YES;
				CLANG_ANALYZER_NUMBER_OBJECT_CONVERSION = YES_AGGRESSIVE;
				CLANG_CXX_LANGUAGE_STANDARD = "gnu++20";
				CLANG_ENABLE_MODULES = YES;
				CLANG_ENABLE_OBJC_ARC = YES;
				CLANG_ENABLE_OBJC_WEAK = YES;
				CLANG_WARN_BLOCK_CAPTURE_AUTORELEASING = YES;
				CLANG_WARN_BOOL_CONVERSION = YES;
				CLANG_WARN_COMMA = YES;
				CLANG_WARN_CONSTANT_CONVERSION = YES;
				CLANG_WARN_DEPRECATED_OBJC_IMPLEMENTATIONS = YES;
				CLANG_WARN_DIRECT_OBJC_ISA_USAGE = YES_ERROR;
				CLANG_WARN_DOCUMENTATION_COMMENTS = YES;
				CLANG_WARN_EMPTY_BODY = YES;
				CLANG_WARN_ENUM_CONVERSION = YES;
				CLANG_WARN_INFINITE_RECURSION = YES;
				CLANG_WARN_INT_CONVERSION = YES;
				CLANG_WARN_NON_LITERAL_NULL_CONVERSION = YES;
				CLANG_WARN_OBJC_IMPLICIT_RETAIN_SELF = YES;
				CLANG_WARN_OBJC_LITERAL_CONVERSION = YES;
				CLANG_WARN_OBJC_ROOT_CLASS = YES_ERROR;
				CLANG_WARN_QUOTED_INCLUDE_IN_FRAMEWORK_HEADER = YES;
				CLANG_WARN_RANGE_LOOP_ANALYSIS = YES;
				CLANG_WARN_STRICT_PROTOTYPES = YES;
				CLANG_WARN_SUSPICIOUS_MOVE = YES;
				CLANG_WARN_UNGUARDED_AVAILABILITY = YES_AGGRESSIVE;
				CLANG_WARN_UNREACHABLE_CODE = YES;
				CLANG_WARN__DUPLICATE_METHOD_MATCH = YES;
				COPY_PHASE_STRIP = NO;
				DEBUG_INFORMATION_FORMAT = dwarf;
				ENABLE_STRICT_OBJC_MSGSEND = YES;
				ENABLE_TESTABILITY = YES;
				ENABLE_USER_SCRIPT_SANDBOXING = YES;
				GCC_C_LANGUAGE_STANDARD = gnu17;
				GCC_DYNAMIC_NO_PIC = NO;
				GCC_NO_COMMON_BLOCKS = YES;
				GCC_OPTIMIZATION_LEVEL = 0;
				GCC_PREPROCESSOR_DEFINITIONS = (
					"DEBUG=1",
					"$(inherited)",
				);
				GCC_WARN_64_TO_32_BIT_CONVERSION = YES;
				GCC_WARN_ABOUT_RETURN_TYPE = YES_ERROR;
				GCC_WARN_UNDECLARED_SELECTOR = YES;
				GCC_WARN_UNINITIALIZED_AUTOS = YES_AGGRESSIVE;
				GCC_WARN_UNUSED_FUNCTION = YES;
				GCC_WARN_UNUSED_VARIABLE = YES;
				IPHONEOS_DEPLOYMENT_TARGET = 17.4;
				LOCALIZATION_PREFERS_STRING_CATALOGS = YES;
				MTL_ENABLE_DEBUG_INFO = INCLUDE_SOURCE;
				MTL_FAST_MATH = YES;
				ONLY_ACTIVE_ARCH = YES;
				SDKROOT = iphoneos;
				SWIFT_ACTIVE_COMPILATION_CONDITIONS = "DEBUG $(inherited)";
				SWIFT_OPTIMIZATION_LEVEL = "-Onone";
			};
			name = Debug;
		};
		724A26972C03047B00A79F1B /* Release */ = {
			isa = XCBuildConfiguration;
			buildSettings = {
				ALWAYS_SEARCH_USER_PATHS = NO;
				ASSETCATALOG_COMPILER_GENERATE_SWIFT_ASSET_SYMBOL_EXTENSIONS = YES;
				CLANG_ANALYZER_NONNULL = YES;
				CLANG_ANALYZER_NUMBER_OBJECT_CONVERSION = YES_AGGRESSIVE;
				CLANG_CXX_LANGUAGE_STANDARD = "gnu++20";
				CLANG_ENABLE_MODULES = YES;
				CLANG_ENABLE_OBJC_ARC = YES;
				CLANG_ENABLE_OBJC_WEAK = YES;
				CLANG_WARN_BLOCK_CAPTURE_AUTORELEASING = YES;
				CLANG_WARN_BOOL_CONVERSION = YES;
				CLANG_WARN_COMMA = YES;
				CLANG_WARN_CONSTANT_CONVERSION = YES;
				CLANG_WARN_DEPRECATED_OBJC_IMPLEMENTATIONS = YES;
				CLANG_WARN_DIRECT_OBJC_ISA_USAGE = YES_ERROR;
				CLANG_WARN_DOCUMENTATION_COMMENTS = YES;
				CLANG_WARN_EMPTY_BODY = YES;
				CLANG_WARN_ENUM_CONVERSION = YES;
				CLANG_WARN_INFINITE_RECURSION = YES;
				CLANG_WARN_INT_CONVERSION = YES;
				CLANG_WARN_NON_LITERAL_NULL_CONVERSION = YES;
				CLANG_WARN_OBJC_IMPLICIT_RETAIN_SELF = YES;
				CLANG_WARN_OBJC_LITERAL_CONVERSION = YES;
				CLANG_WARN_OBJC_ROOT_CLASS = YES_ERROR;
				CLANG_WARN_QUOTED_INCLUDE_IN_FRAMEWORK_HEADER = YES;
				CLANG_WARN_RANGE_LOOP_ANALYSIS = YES;
				CLANG_WARN_STRICT_PROTOTYPES = YES;
				CLANG_WARN_SUSPICIOUS_MOVE = YES;
				CLANG_WARN_UNGUARDED_AVAILABILITY = YES_AGGRESSIVE;
				CLANG_WARN_UNREACHABLE_CODE = YES;
				CLANG_WARN__DUPLICATE_METHOD_MATCH = YES;
				COPY_PHASE_STRIP = NO;
				DEBUG_INFORMATION_FORMAT = "dwarf-with-dsym";
				ENABLE_NS_ASSERTIONS = NO;
				ENABLE_STRICT_OBJC_MSGSEND = YES;
				ENABLE_USER_SCRIPT_SANDBOXING = YES;
				GCC_C_LANGUAGE_STANDARD = gnu17;
				GCC_NO_COMMON_BLOCKS = YES;
				GCC_WARN_64_TO_32_BIT_CONVERSION = YES;
				GCC_WARN_ABOUT_RETURN_TYPE = YES_ERROR;
				GCC_WARN_UNDECLARED_SELECTOR = YES;
				GCC_WARN_UNINITIALIZED_AUTOS = YES_AGGRESSIVE;
				GCC_WARN_UNUSED_FUNCTION = YES;
				GCC_WARN_UNUSED_VARIABLE = YES;
				IPHONEOS_DEPLOYMENT_TARGET = 17.4;
				LOCALIZATION_PREFERS_STRING_CATALOGS = YES;
				MTL_ENABLE_DEBUG_INFO = NO;
				MTL_FAST_MATH = YES;
				SDKROOT = iphoneos;
				SWIFT_COMPILATION_MODE = wholemodule;
				VALIDATE_PRODUCT = YES;
			};
			name = Release;
		};
		724A26992C03047B00A79F1B /* Debug */ = {
			isa = XCBuildConfiguration;
			buildSettings = {
				ASSETCATALOG_COMPILER_APPICON_NAME = AppIcon;
				ASSETCATALOG_COMPILER_GLOBAL_ACCENT_COLOR_NAME = AccentColor;
				CODE_SIGN_STYLE = Automatic;
				CURRENT_PROJECT_VERSION = 1;
				DEVELOPMENT_TEAM = QQN262X7KM;
				GENERATE_INFOPLIST_FILE = YES;
				INFOPLIST_FILE = TravelMagazine/Info.plist;
				INFOPLIST_KEY_UIApplicationSupportsIndirectInputEvents = YES;
				INFOPLIST_KEY_UILaunchStoryboardName = LaunchScreen;
				INFOPLIST_KEY_UIMainStoryboardFile = Main;
				INFOPLIST_KEY_UISupportedInterfaceOrientations_iPad = "UIInterfaceOrientationPortrait UIInterfaceOrientationPortraitUpsideDown UIInterfaceOrientationLandscapeLeft UIInterfaceOrientationLandscapeRight";
				INFOPLIST_KEY_UISupportedInterfaceOrientations_iPhone = "UIInterfaceOrientationPortrait UIInterfaceOrientationLandscapeLeft UIInterfaceOrientationLandscapeRight";
				IPHONEOS_DEPLOYMENT_TARGET = 16.0;
				LD_RUNPATH_SEARCH_PATHS = (
					"$(inherited)",
					"@executable_path/Frameworks",
				);
				MARKETING_VERSION = 1.0;
				PRODUCT_BUNDLE_IDENTIFIER = com.sesac.TravelMagazine;
				PRODUCT_NAME = "$(TARGET_NAME)";
				SUPPORTED_PLATFORMS = "iphoneos iphonesimulator";
				SUPPORTS_MACCATALYST = NO;
				SUPPORTS_MAC_DESIGNED_FOR_IPHONE_IPAD = NO;
				SUPPORTS_XR_DESIGNED_FOR_IPHONE_IPAD = NO;
				SWIFT_EMIT_LOC_STRINGS = YES;
				SWIFT_VERSION = 5.0;
				TARGETED_DEVICE_FAMILY = 1;
			};
			name = Debug;
		};
		724A269A2C03047B00A79F1B /* Release */ = {
			isa = XCBuildConfiguration;
			buildSettings = {
				ASSETCATALOG_COMPILER_APPICON_NAME = AppIcon;
				ASSETCATALOG_COMPILER_GLOBAL_ACCENT_COLOR_NAME = AccentColor;
				CODE_SIGN_STYLE = Automatic;
				CURRENT_PROJECT_VERSION = 1;
				DEVELOPMENT_TEAM = QQN262X7KM;
				GENERATE_INFOPLIST_FILE = YES;
				INFOPLIST_FILE = TravelMagazine/Info.plist;
				INFOPLIST_KEY_UIApplicationSupportsIndirectInputEvents = YES;
				INFOPLIST_KEY_UILaunchStoryboardName = LaunchScreen;
				INFOPLIST_KEY_UIMainStoryboardFile = Main;
				INFOPLIST_KEY_UISupportedInterfaceOrientations_iPad = "UIInterfaceOrientationPortrait UIInterfaceOrientationPortraitUpsideDown UIInterfaceOrientationLandscapeLeft UIInterfaceOrientationLandscapeRight";
				INFOPLIST_KEY_UISupportedInterfaceOrientations_iPhone = "UIInterfaceOrientationPortrait UIInterfaceOrientationLandscapeLeft UIInterfaceOrientationLandscapeRight";
				IPHONEOS_DEPLOYMENT_TARGET = 16.0;
				LD_RUNPATH_SEARCH_PATHS = (
					"$(inherited)",
					"@executable_path/Frameworks",
				);
				MARKETING_VERSION = 1.0;
				PRODUCT_BUNDLE_IDENTIFIER = com.sesac.TravelMagazine;
				PRODUCT_NAME = "$(TARGET_NAME)";
				SUPPORTED_PLATFORMS = "iphoneos iphonesimulator";
				SUPPORTS_MACCATALYST = NO;
				SUPPORTS_MAC_DESIGNED_FOR_IPHONE_IPAD = NO;
				SUPPORTS_XR_DESIGNED_FOR_IPHONE_IPAD = NO;
				SWIFT_EMIT_LOC_STRINGS = YES;
				SWIFT_VERSION = 5.0;
				TARGETED_DEVICE_FAMILY = 1;
			};
			name = Release;
		};
/* End XCBuildConfiguration section */

/* Begin XCConfigurationList section */
		724A267F2C03047A00A79F1B /* Build configuration list for PBXProject "TravelMagazine" */ = {
			isa = XCConfigurationList;
			buildConfigurations = (
				724A26962C03047B00A79F1B /* Debug */,
				724A26972C03047B00A79F1B /* Release */,
			);
			defaultConfigurationIsVisible = 0;
			defaultConfigurationName = Release;
		};
		724A26982C03047B00A79F1B /* Build configuration list for PBXNativeTarget "TravelMagazine" */ = {
			isa = XCConfigurationList;
			buildConfigurations = (
				724A26992C03047B00A79F1B /* Debug */,
				724A269A2C03047B00A79F1B /* Release */,
			);
			defaultConfigurationIsVisible = 0;
			defaultConfigurationName = Release;
		};
/* End XCConfigurationList section */

/* Begin XCRemoteSwiftPackageReference section */
		724A26A12C030FF300A79F1B /* XCRemoteSwiftPackageReference "Kingfisher" */ = {
			isa = XCRemoteSwiftPackageReference;
			repositoryURL = "https://github.com/onevcat/Kingfisher.git";
			requirement = {
				kind = upToNextMajorVersion;
				minimumVersion = 7.11.0;
			};
		};
/* End XCRemoteSwiftPackageReference section */

/* Begin XCSwiftPackageProductDependency section */
		724A26A22C030FF300A79F1B /* Kingfisher */ = {
			isa = XCSwiftPackageProductDependency;
			package = 724A26A12C030FF300A79F1B /* XCRemoteSwiftPackageReference "Kingfisher" */;
			productName = Kingfisher;
		};
/* End XCSwiftPackageProductDependency section */
	};
	rootObject = 724A267C2C03047A00A79F1B /* Project object */;
}
