// !$*UTF8*$!
{
	archiveVersion = 1;
	classes = {
	};
	objectVersion = 56;
	objects = {

/* Begin PBXBuildFile section */
		720A243B2C04A5FD00DB0BB7 /* PopularCities.storyboard in Resources */ = {isa = PBXBuildFile; fileRef = 720A243A2C04A5FD00DB0BB7 /* PopularCities.storyboard */; };
		720A243D2C04A74500DB0BB7 /* PopularCitiesViewController.swift in Sources */ = {isa = PBXBuildFile; fileRef = 720A243C2C04A74500DB0BB7 /* PopularCitiesViewController.swift */; };
		720A24402C04B63800DB0BB7 /* CitiesTableViewCell.swift in Sources */ = {isa = PBXBuildFile; fileRef = 720A243E2C04B63800DB0BB7 /* CitiesTableViewCell.swift */; };
		720A24412C04B63800DB0BB7 /* CitiesTableViewCell.xib in Resources */ = {isa = PBXBuildFile; fileRef = 720A243F2C04B63800DB0BB7 /* CitiesTableViewCell.xib */; };
		720A24432C04BAC600DB0BB7 /* TravelModel.swift in Sources */ = {isa = PBXBuildFile; fileRef = 720A24422C04BAC600DB0BB7 /* TravelModel.swift */; };
		720A24462C04BFBE00DB0BB7 /* ADTableViewCell.swift in Sources */ = {isa = PBXBuildFile; fileRef = 720A24442C04BFBE00DB0BB7 /* ADTableViewCell.swift */; };
		720A24472C04BFBE00DB0BB7 /* ADTableViewCell.xib in Resources */ = {isa = PBXBuildFile; fileRef = 720A24452C04BFBE00DB0BB7 /* ADTableViewCell.xib */; };
		720A248B2C05C44100DB0BB7 /* UILabel+Extension.swift in Sources */ = {isa = PBXBuildFile; fileRef = 720A248A2C05C44100DB0BB7 /* UILabel+Extension.swift */; };
		720A248D2C05CC4C00DB0BB7 /* UIColor+Extension.swift in Sources */ = {isa = PBXBuildFile; fileRef = 720A248C2C05CC4C00DB0BB7 /* UIColor+Extension.swift */; };
		720A24902C05D41E00DB0BB7 /* Cosmos in Frameworks */ = {isa = PBXBuildFile; productRef = 720A248F2C05D41E00DB0BB7 /* Cosmos */; };
		720A24922C06299000DB0BB7 /* TravelMagazine.storyboard in Resources */ = {isa = PBXBuildFile; fileRef = 720A24912C06299000DB0BB7 /* TravelMagazine.storyboard */; };
		720A24942C0629FF00DB0BB7 /* TravelViewController.swift in Sources */ = {isa = PBXBuildFile; fileRef = 720A24932C0629FF00DB0BB7 /* TravelViewController.swift */; };
		720A24972C062A3900DB0BB7 /* TravelsTableViewCell.xib in Resources */ = {isa = PBXBuildFile; fileRef = 720A24962C062A3900DB0BB7 /* TravelsTableViewCell.xib */; };
		720A24982C062A3900DB0BB7 /* TravelsTableViewCell.swift in Sources */ = {isa = PBXBuildFile; fileRef = 720A24952C062A3900DB0BB7 /* TravelsTableViewCell.swift */; };
		720A249B2C06308300DB0BB7 /* UIViewController+Extension.swift in Sources */ = {isa = PBXBuildFile; fileRef = 720A249A2C06308300DB0BB7 /* UIViewController+Extension.swift */; };
		720A24A12C07002E00DB0BB7 /* TouristSpot.storyboard in Resources */ = {isa = PBXBuildFile; fileRef = 720A24A02C07002E00DB0BB7 /* TouristSpot.storyboard */; };
		720A24A32C07006300DB0BB7 /* TouristViewController.swift in Sources */ = {isa = PBXBuildFile; fileRef = 720A24A22C07006300DB0BB7 /* TouristViewController.swift */; };
		720A24A52C0703F400DB0BB7 /* Advertisement.storyboard in Resources */ = {isa = PBXBuildFile; fileRef = 720A24A42C0703F400DB0BB7 /* Advertisement.storyboard */; };
		720A24A72C07041200DB0BB7 /* AdvertisementViewController.swift in Sources */ = {isa = PBXBuildFile; fileRef = 720A24A62C07041200DB0BB7 /* AdvertisementViewController.swift */; };
		720A24A92C07118D00DB0BB7 /* UIView+Extension.swift in Sources */ = {isa = PBXBuildFile; fileRef = 720A24A82C07118D00DB0BB7 /* UIView+Extension.swift */; };
		720A24AB2C07129100DB0BB7 /* UIImageView+Extension.swift in Sources */ = {isa = PBXBuildFile; fileRef = 720A24AA2C07129100DB0BB7 /* UIImageView+Extension.swift */; };
		720A24AD2C071B6100DB0BB7 /* City.storyboard in Resources */ = {isa = PBXBuildFile; fileRef = 720A24AC2C071B6100DB0BB7 /* City.storyboard */; };
		720A24AF2C071C2500DB0BB7 /* CityViewController.swift in Sources */ = {isa = PBXBuildFile; fileRef = 720A24AE2C071C2500DB0BB7 /* CityViewController.swift */; };
		720A24B32C071E5C00DB0BB7 /* CityTableViewCell.swift in Sources */ = {isa = PBXBuildFile; fileRef = 720A24B12C071E5C00DB0BB7 /* CityTableViewCell.swift */; };
		720A24B42C071E5C00DB0BB7 /* CityTableViewCell.xib in Resources */ = {isa = PBXBuildFile; fileRef = 720A24B22C071E5C00DB0BB7 /* CityTableViewCell.xib */; };
		720A24B62C07205E00DB0BB7 /* CityInfo.swift in Sources */ = {isa = PBXBuildFile; fileRef = 720A24B52C07205E00DB0BB7 /* CityInfo.swift */; };
		720A24C22C08727D00DB0BB7 /* RestaurantsTableViewCell.swift in Sources */ = {isa = PBXBuildFile; fileRef = 720A24C02C08727D00DB0BB7 /* RestaurantsTableViewCell.swift */; };
		720A24C32C08727D00DB0BB7 /* RestaurantsTableViewCell.xib in Resources */ = {isa = PBXBuildFile; fileRef = 720A24C12C08727D00DB0BB7 /* RestaurantsTableViewCell.xib */; };
		720A24C52C0874A300DB0BB7 /* RestaurantsViewController.swift in Sources */ = {isa = PBXBuildFile; fileRef = 720A24C42C0874A300DB0BB7 /* RestaurantsViewController.swift */; };
		720A24C72C0874F500DB0BB7 /* Restaurant.storyboard in Resources */ = {isa = PBXBuildFile; fileRef = 720A24C62C0874F500DB0BB7 /* Restaurant.storyboard */; };
		720A24C92C089F8500DB0BB7 /* UIButton+Extension.swift in Sources */ = {isa = PBXBuildFile; fileRef = 720A24C82C089F8500DB0BB7 /* UIButton+Extension.swift */; };
		720A24CB2C08A92400DB0BB7 /* MapViewController.swift in Sources */ = {isa = PBXBuildFile; fileRef = 720A24CA2C08A92400DB0BB7 /* MapViewController.swift */; };
		720A24D62C0AEF4A00DB0BB7 /* ReuseIdentifierProtocol.swift in Sources */ = {isa = PBXBuildFile; fileRef = 720A24D52C0AEF4A00DB0BB7 /* ReuseIdentifierProtocol.swift */; };
		720A24DC2C0CD1CE00DB0BB7 /* ChattingData.swift in Sources */ = {isa = PBXBuildFile; fileRef = 720A24DB2C0CD1CE00DB0BB7 /* ChattingData.swift */; };
		720A24DE2C0CD20300DB0BB7 /* ChatViewController.swift in Sources */ = {isa = PBXBuildFile; fileRef = 720A24DD2C0CD20300DB0BB7 /* ChatViewController.swift */; };
		720A24E02C0CD2AA00DB0BB7 /* ChatRoom.storyboard in Resources */ = {isa = PBXBuildFile; fileRef = 720A24DF2C0CD2AA00DB0BB7 /* ChatRoom.storyboard */; };
		720A24E32C0CD3B700DB0BB7 /* ChatListTableViewCell.swift in Sources */ = {isa = PBXBuildFile; fileRef = 720A24E12C0CD3B700DB0BB7 /* ChatListTableViewCell.swift */; };
		720A24E42C0CD3B700DB0BB7 /* ChatListTableViewCell.xib in Resources */ = {isa = PBXBuildFile; fileRef = 720A24E22C0CD3B700DB0BB7 /* ChatListTableViewCell.xib */; };
		724A26882C03047A00A79F1B /* AppDelegate.swift in Sources */ = {isa = PBXBuildFile; fileRef = 724A26872C03047A00A79F1B /* AppDelegate.swift */; };
		724A268A2C03047A00A79F1B /* SceneDelegate.swift in Sources */ = {isa = PBXBuildFile; fileRef = 724A26892C03047A00A79F1B /* SceneDelegate.swift */; };
		724A268F2C03047A00A79F1B /* Base in Resources */ = {isa = PBXBuildFile; fileRef = 724A268E2C03047A00A79F1B /* Base */; };
		724A26912C03047B00A79F1B /* Assets.xcassets in Resources */ = {isa = PBXBuildFile; fileRef = 724A26902C03047B00A79F1B /* Assets.xcassets */; };
		724A26942C03047B00A79F1B /* Base in Resources */ = {isa = PBXBuildFile; fileRef = 724A26932C03047B00A79F1B /* Base */; };
		724A269C2C03060700A79F1B /* MagazineInfo.swift in Sources */ = {isa = PBXBuildFile; fileRef = 724A269B2C03060700A79F1B /* MagazineInfo.swift */; };
		724A26A32C030FF300A79F1B /* Kingfisher in Frameworks */ = {isa = PBXBuildFile; productRef = 724A26A22C030FF300A79F1B /* Kingfisher */; };
		724A26A52C031AE600A79F1B /* Restaurant.swift in Sources */ = {isa = PBXBuildFile; fileRef = 724A26A42C031AE600A79F1B /* Restaurant.swift */; };
/* End PBXBuildFile section */

/* Begin PBXFileReference section */
		720A243A2C04A5FD00DB0BB7 /* PopularCities.storyboard */ = {isa = PBXFileReference; lastKnownFileType = file.storyboard; path = PopularCities.storyboard; sourceTree = "<group>"; };
		720A243C2C04A74500DB0BB7 /* PopularCitiesViewController.swift */ = {isa = PBXFileReference; lastKnownFileType = sourcecode.swift; path = PopularCitiesViewController.swift; sourceTree = "<group>"; };
		720A243E2C04B63800DB0BB7 /* CitiesTableViewCell.swift */ = {isa = PBXFileReference; lastKnownFileType = sourcecode.swift; path = CitiesTableViewCell.swift; sourceTree = "<group>"; };
		720A243F2C04B63800DB0BB7 /* CitiesTableViewCell.xib */ = {isa = PBXFileReference; lastKnownFileType = file.xib; path = CitiesTableViewCell.xib; sourceTree = "<group>"; };
		720A24422C04BAC600DB0BB7 /* TravelModel.swift */ = {isa = PBXFileReference; fileEncoding = 4; lastKnownFileType = sourcecode.swift; path = TravelModel.swift; sourceTree = "<group>"; };
		720A24442C04BFBE00DB0BB7 /* ADTableViewCell.swift */ = {isa = PBXFileReference; lastKnownFileType = sourcecode.swift; path = ADTableViewCell.swift; sourceTree = "<group>"; };
		720A24452C04BFBE00DB0BB7 /* ADTableViewCell.xib */ = {isa = PBXFileReference; lastKnownFileType = file.xib; path = ADTableViewCell.xib; sourceTree = "<group>"; };
		720A248A2C05C44100DB0BB7 /* UILabel+Extension.swift */ = {isa = PBXFileReference; lastKnownFileType = sourcecode.swift; path = "UILabel+Extension.swift"; sourceTree = "<group>"; };
		720A248C2C05CC4C00DB0BB7 /* UIColor+Extension.swift */ = {isa = PBXFileReference; lastKnownFileType = sourcecode.swift; path = "UIColor+Extension.swift"; sourceTree = "<group>"; };
		720A24912C06299000DB0BB7 /* TravelMagazine.storyboard */ = {isa = PBXFileReference; lastKnownFileType = file.storyboard; path = TravelMagazine.storyboard; sourceTree = "<group>"; };
		720A24932C0629FF00DB0BB7 /* TravelViewController.swift */ = {isa = PBXFileReference; lastKnownFileType = sourcecode.swift; path = TravelViewController.swift; sourceTree = "<group>"; };
		720A24952C062A3900DB0BB7 /* TravelsTableViewCell.swift */ = {isa = PBXFileReference; lastKnownFileType = sourcecode.swift; path = TravelsTableViewCell.swift; sourceTree = "<group>"; };
		720A24962C062A3900DB0BB7 /* TravelsTableViewCell.xib */ = {isa = PBXFileReference; lastKnownFileType = file.xib; path = TravelsTableViewCell.xib; sourceTree = "<group>"; };
		720A249A2C06308300DB0BB7 /* UIViewController+Extension.swift */ = {isa = PBXFileReference; lastKnownFileType = sourcecode.swift; path = "UIViewController+Extension.swift"; sourceTree = "<group>"; };
		720A24A02C07002E00DB0BB7 /* TouristSpot.storyboard */ = {isa = PBXFileReference; lastKnownFileType = file.storyboard; path = TouristSpot.storyboard; sourceTree = "<group>"; };
		720A24A22C07006300DB0BB7 /* TouristViewController.swift */ = {isa = PBXFileReference; lastKnownFileType = sourcecode.swift; path = TouristViewController.swift; sourceTree = "<group>"; };
		720A24A42C0703F400DB0BB7 /* Advertisement.storyboard */ = {isa = PBXFileReference; lastKnownFileType = file.storyboard; path = Advertisement.storyboard; sourceTree = "<group>"; };
		720A24A62C07041200DB0BB7 /* AdvertisementViewController.swift */ = {isa = PBXFileReference; lastKnownFileType = sourcecode.swift; path = AdvertisementViewController.swift; sourceTree = "<group>"; };
		720A24A82C07118D00DB0BB7 /* UIView+Extension.swift */ = {isa = PBXFileReference; lastKnownFileType = sourcecode.swift; path = "UIView+Extension.swift"; sourceTree = "<group>"; };
		720A24AA2C07129100DB0BB7 /* UIImageView+Extension.swift */ = {isa = PBXFileReference; lastKnownFileType = sourcecode.swift; path = "UIImageView+Extension.swift"; sourceTree = "<group>"; };
		720A24AC2C071B6100DB0BB7 /* City.storyboard */ = {isa = PBXFileReference; lastKnownFileType = file.storyboard; path = City.storyboard; sourceTree = "<group>"; };
		720A24AE2C071C2500DB0BB7 /* CityViewController.swift */ = {isa = PBXFileReference; lastKnownFileType = sourcecode.swift; path = CityViewController.swift; sourceTree = "<group>"; };
		720A24B12C071E5C00DB0BB7 /* CityTableViewCell.swift */ = {isa = PBXFileReference; lastKnownFileType = sourcecode.swift; path = CityTableViewCell.swift; sourceTree = "<group>"; };
		720A24B22C071E5C00DB0BB7 /* CityTableViewCell.xib */ = {isa = PBXFileReference; lastKnownFileType = file.xib; path = CityTableViewCell.xib; sourceTree = "<group>"; };
		720A24B52C07205E00DB0BB7 /* CityInfo.swift */ = {isa = PBXFileReference; fileEncoding = 4; lastKnownFileType = sourcecode.swift; path = CityInfo.swift; sourceTree = "<group>"; };
		720A24C02C08727D00DB0BB7 /* RestaurantsTableViewCell.swift */ = {isa = PBXFileReference; lastKnownFileType = sourcecode.swift; path = RestaurantsTableViewCell.swift; sourceTree = "<group>"; };
		720A24C12C08727D00DB0BB7 /* RestaurantsTableViewCell.xib */ = {isa = PBXFileReference; lastKnownFileType = file.xib; path = RestaurantsTableViewCell.xib; sourceTree = "<group>"; };
		720A24C42C0874A300DB0BB7 /* RestaurantsViewController.swift */ = {isa = PBXFileReference; lastKnownFileType = sourcecode.swift; path = RestaurantsViewController.swift; sourceTree = "<group>"; };
		720A24C62C0874F500DB0BB7 /* Restaurant.storyboard */ = {isa = PBXFileReference; lastKnownFileType = file.storyboard; path = Restaurant.storyboard; sourceTree = "<group>"; };
		720A24C82C089F8500DB0BB7 /* UIButton+Extension.swift */ = {isa = PBXFileReference; lastKnownFileType = sourcecode.swift; path = "UIButton+Extension.swift"; sourceTree = "<group>"; };
		720A24CA2C08A92400DB0BB7 /* MapViewController.swift */ = {isa = PBXFileReference; lastKnownFileType = sourcecode.swift; path = MapViewController.swift; sourceTree = "<group>"; };
		720A24D52C0AEF4A00DB0BB7 /* ReuseIdentifierProtocol.swift */ = {isa = PBXFileReference; lastKnownFileType = sourcecode.swift; path = ReuseIdentifierProtocol.swift; sourceTree = "<group>"; };
		720A24DB2C0CD1CE00DB0BB7 /* ChattingData.swift */ = {isa = PBXFileReference; fileEncoding = 4; lastKnownFileType = sourcecode.swift; path = ChattingData.swift; sourceTree = "<group>"; };
		720A24DD2C0CD20300DB0BB7 /* ChatViewController.swift */ = {isa = PBXFileReference; lastKnownFileType = sourcecode.swift; path = ChatViewController.swift; sourceTree = "<group>"; };
		720A24DF2C0CD2AA00DB0BB7 /* ChatRoom.storyboard */ = {isa = PBXFileReference; lastKnownFileType = file.storyboard; path = ChatRoom.storyboard; sourceTree = "<group>"; };
		720A24E12C0CD3B700DB0BB7 /* ChatListTableViewCell.swift */ = {isa = PBXFileReference; lastKnownFileType = sourcecode.swift; path = ChatListTableViewCell.swift; sourceTree = "<group>"; };
		720A24E22C0CD3B700DB0BB7 /* ChatListTableViewCell.xib */ = {isa = PBXFileReference; lastKnownFileType = file.xib; path = ChatListTableViewCell.xib; sourceTree = "<group>"; };
		724A26842C03047A00A79F1B /* TravelMagazine.app */ = {isa = PBXFileReference; explicitFileType = wrapper.application; includeInIndex = 0; path = TravelMagazine.app; sourceTree = BUILT_PRODUCTS_DIR; };
		724A26872C03047A00A79F1B /* AppDelegate.swift */ = {isa = PBXFileReference; lastKnownFileType = sourcecode.swift; path = AppDelegate.swift; sourceTree = "<group>"; };
		724A26892C03047A00A79F1B /* SceneDelegate.swift */ = {isa = PBXFileReference; lastKnownFileType = sourcecode.swift; path = SceneDelegate.swift; sourceTree = "<group>"; };
		724A268E2C03047A00A79F1B /* Base */ = {isa = PBXFileReference; lastKnownFileType = file.storyboard; name = Base; path = Base.lproj/Main.storyboard; sourceTree = "<group>"; };
		724A26902C03047B00A79F1B /* Assets.xcassets */ = {isa = PBXFileReference; lastKnownFileType = folder.assetcatalog; path = Assets.xcassets; sourceTree = "<group>"; };
		724A26932C03047B00A79F1B /* Base */ = {isa = PBXFileReference; lastKnownFileType = file.storyboard; name = Base; path = Base.lproj/LaunchScreen.storyboard; sourceTree = "<group>"; };
		724A26952C03047B00A79F1B /* Info.plist */ = {isa = PBXFileReference; lastKnownFileType = text.plist.xml; path = Info.plist; sourceTree = "<group>"; };
		724A269B2C03060700A79F1B /* MagazineInfo.swift */ = {isa = PBXFileReference; fileEncoding = 4; lastKnownFileType = sourcecode.swift; path = MagazineInfo.swift; sourceTree = "<group>"; };
		724A26A42C031AE600A79F1B /* Restaurant.swift */ = {isa = PBXFileReference; fileEncoding = 4; lastKnownFileType = sourcecode.swift; path = Restaurant.swift; sourceTree = "<group>"; };
/* End PBXFileReference section */

/* Begin PBXFrameworksBuildPhase section */
		724A26812C03047A00A79F1B /* Frameworks */ = {
			isa = PBXFrameworksBuildPhase;
			buildActionMask = 2147483647;
			files = (
				720A24902C05D41E00DB0BB7 /* Cosmos in Frameworks */,
				724A26A32C030FF300A79F1B /* Kingfisher in Frameworks */,
			);
			runOnlyForDeploymentPostprocessing = 0;
		};
/* End PBXFrameworksBuildPhase section */

/* Begin PBXGroup section */
		720A24872C05C15300DB0BB7 /* Dummy */ = {
			isa = PBXGroup;
			children = (
				720A24DB2C0CD1CE00DB0BB7 /* ChattingData.swift */,
				720A24B52C07205E00DB0BB7 /* CityInfo.swift */,
				724A26A42C031AE600A79F1B /* Restaurant.swift */,
				724A269B2C03060700A79F1B /* MagazineInfo.swift */,
				720A24422C04BAC600DB0BB7 /* TravelModel.swift */,
			);
			path = Dummy;
			sourceTree = "<group>";
		};
		720A24882C05C17400DB0BB7 /* Cell */ = {
			isa = PBXGroup;
			children = (
				720A24452C04BFBE00DB0BB7 /* ADTableViewCell.xib */,
				720A24442C04BFBE00DB0BB7 /* ADTableViewCell.swift */,
				720A243F2C04B63800DB0BB7 /* CitiesTableViewCell.xib */,
				720A243E2C04B63800DB0BB7 /* CitiesTableViewCell.swift */,
				720A24962C062A3900DB0BB7 /* TravelsTableViewCell.xib */,
				720A24952C062A3900DB0BB7 /* TravelsTableViewCell.swift */,
				720A24B22C071E5C00DB0BB7 /* CityTableViewCell.xib */,
				720A24B12C071E5C00DB0BB7 /* CityTableViewCell.swift */,
				720A24C12C08727D00DB0BB7 /* RestaurantsTableViewCell.xib */,
				720A24C02C08727D00DB0BB7 /* RestaurantsTableViewCell.swift */,
				720A24E22C0CD3B700DB0BB7 /* ChatListTableViewCell.xib */,
				720A24E12C0CD3B700DB0BB7 /* ChatListTableViewCell.swift */,
			);
			path = Cell;
			sourceTree = "<group>";
		};
		720A24892C05C42E00DB0BB7 /* Extension */ = {
			isa = PBXGroup;
			children = (
				720A248A2C05C44100DB0BB7 /* UILabel+Extension.swift */,
				720A248C2C05CC4C00DB0BB7 /* UIColor+Extension.swift */,
				720A24A82C07118D00DB0BB7 /* UIView+Extension.swift */,
				720A249A2C06308300DB0BB7 /* UIViewController+Extension.swift */,
				720A24AA2C07129100DB0BB7 /* UIImageView+Extension.swift */,
				720A24C82C089F8500DB0BB7 /* UIButton+Extension.swift */,
			);
			path = Extension;
			sourceTree = "<group>";
		};
		720A24992C062F9400DB0BB7 /* VC */ = {
			isa = PBXGroup;
			children = (
				720A243C2C04A74500DB0BB7 /* PopularCitiesViewController.swift */,
				720A24A22C07006300DB0BB7 /* TouristViewController.swift */,
				720A24A62C07041200DB0BB7 /* AdvertisementViewController.swift */,
				720A24932C0629FF00DB0BB7 /* TravelViewController.swift */,
				720A24AE2C071C2500DB0BB7 /* CityViewController.swift */,
				720A24C42C0874A300DB0BB7 /* RestaurantsViewController.swift */,
				720A24CA2C08A92400DB0BB7 /* MapViewController.swift */,
				720A24DD2C0CD20300DB0BB7 /* ChatViewController.swift */,
			);
			path = VC;
			sourceTree = "<group>";
		};
		720A24D42C0AEF3700DB0BB7 /* Protocol */ = {
			isa = PBXGroup;
			children = (
				720A24D52C0AEF4A00DB0BB7 /* ReuseIdentifierProtocol.swift */,
			);
			path = Protocol;
			sourceTree = "<group>";
		};
		724A267B2C03047A00A79F1B = {
			isa = PBXGroup;
			children = (
				724A26862C03047A00A79F1B /* TravelMagazine */,
				724A26852C03047A00A79F1B /* Products */,
			);
			sourceTree = "<group>";
		};
		724A26852C03047A00A79F1B /* Products */ = {
			isa = PBXGroup;
			children = (
				724A26842C03047A00A79F1B /* TravelMagazine.app */,
			);
			name = Products;
			sourceTree = "<group>";
		};
		724A26862C03047A00A79F1B /* TravelMagazine */ = {
			isa = PBXGroup;
			children = (
				724A26872C03047A00A79F1B /* AppDelegate.swift */,
				724A26892C03047A00A79F1B /* SceneDelegate.swift */,
				720A24D42C0AEF3700DB0BB7 /* Protocol */,
				720A24892C05C42E00DB0BB7 /* Extension */,
				720A24882C05C17400DB0BB7 /* Cell */,
				720A24872C05C15300DB0BB7 /* Dummy */,
				720A24992C062F9400DB0BB7 /* VC */,
				724A268D2C03047A00A79F1B /* Main.storyboard */,
				720A24C62C0874F500DB0BB7 /* Restaurant.storyboard */,
				720A24AC2C071B6100DB0BB7 /* City.storyboard */,
				720A24912C06299000DB0BB7 /* TravelMagazine.storyboard */,
				720A24A02C07002E00DB0BB7 /* TouristSpot.storyboard */,
				720A243A2C04A5FD00DB0BB7 /* PopularCities.storyboard */,
				720A24A42C0703F400DB0BB7 /* Advertisement.storyboard */,
				720A24DF2C0CD2AA00DB0BB7 /* ChatRoom.storyboard */,
				724A26902C03047B00A79F1B /* Assets.xcassets */,
				724A26922C03047B00A79F1B /* LaunchScreen.storyboard */,
				724A26952C03047B00A79F1B /* Info.plist */,
			);
			path = TravelMagazine;
			sourceTree = "<group>";
		};
/* End PBXGroup section */

/* Begin PBXNativeTarget section */
		724A26832C03047A00A79F1B /* TravelMagazine */ = {
			isa = PBXNativeTarget;
			buildConfigurationList = 724A26982C03047B00A79F1B /* Build configuration list for PBXNativeTarget "TravelMagazine" */;
			buildPhases = (
				724A26802C03047A00A79F1B /* Sources */,
				724A26812C03047A00A79F1B /* Frameworks */,
				724A26822C03047A00A79F1B /* Resources */,
			);
			buildRules = (
			);
			dependencies = (
			);
			name = TravelMagazine;
			packageProductDependencies = (
				724A26A22C030FF300A79F1B /* Kingfisher */,
				720A248F2C05D41E00DB0BB7 /* Cosmos */,
			);
			productName = TravelMagazine;
			productReference = 724A26842C03047A00A79F1B /* TravelMagazine.app */;
			productType = "com.apple.product-type.application";
		};
/* End PBXNativeTarget section */

/* Begin PBXProject section */
		724A267C2C03047A00A79F1B /* Project object */ = {
			isa = PBXProject;
			attributes = {
				BuildIndependentTargetsInParallel = 1;
				LastSwiftUpdateCheck = 1530;
				LastUpgradeCheck = 1530;
				TargetAttributes = {
					724A26832C03047A00A79F1B = {
						CreatedOnToolsVersion = 15.3;
					};
				};
			};
			buildConfigurationList = 724A267F2C03047A00A79F1B /* Build configuration list for PBXProject "TravelMagazine" */;
			compatibilityVersion = "Xcode 14.0";
			developmentRegion = en;
			hasScannedForEncodings = 0;
			knownRegions = (
				en,
				Base,
			);
			mainGroup = 724A267B2C03047A00A79F1B;
			packageReferences = (
				724A26A12C030FF300A79F1B /* XCRemoteSwiftPackageReference "Kingfisher" */,
				720A248E2C05D41E00DB0BB7 /* XCRemoteSwiftPackageReference "Cosmos" */,
			);
			productRefGroup = 724A26852C03047A00A79F1B /* Products */;
			projectDirPath = "";
			projectRoot = "";
			targets = (
				724A26832C03047A00A79F1B /* TravelMagazine */,
			);
		};
/* End PBXProject section */

/* Begin PBXResourcesBuildPhase section */
		724A26822C03047A00A79F1B /* Resources */ = {
			isa = PBXResourcesBuildPhase;
			buildActionMask = 2147483647;
			files = (
				720A24AD2C071B6100DB0BB7 /* City.storyboard in Resources */,
				720A24472C04BFBE00DB0BB7 /* ADTableViewCell.xib in Resources */,
				724A26912C03047B00A79F1B /* Assets.xcassets in Resources */,
				720A24A12C07002E00DB0BB7 /* TouristSpot.storyboard in Resources */,
				720A24922C06299000DB0BB7 /* TravelMagazine.storyboard in Resources */,
				720A24412C04B63800DB0BB7 /* CitiesTableViewCell.xib in Resources */,
				724A26942C03047B00A79F1B /* Base in Resources */,
				720A24A52C0703F400DB0BB7 /* Advertisement.storyboard in Resources */,
				720A24C32C08727D00DB0BB7 /* RestaurantsTableViewCell.xib in Resources */,
				720A24E42C0CD3B700DB0BB7 /* ChatListTableViewCell.xib in Resources */,
				720A24C72C0874F500DB0BB7 /* Restaurant.storyboard in Resources */,
				720A24972C062A3900DB0BB7 /* TravelsTableViewCell.xib in Resources */,
				720A24E02C0CD2AA00DB0BB7 /* ChatRoom.storyboard in Resources */,
				724A268F2C03047A00A79F1B /* Base in Resources */,
				720A24B42C071E5C00DB0BB7 /* CityTableViewCell.xib in Resources */,
				720A243B2C04A5FD00DB0BB7 /* PopularCities.storyboard in Resources */,
			);
			runOnlyForDeploymentPostprocessing = 0;
		};
/* End PBXResourcesBuildPhase section */

/* Begin PBXSourcesBuildPhase section */
		724A26802C03047A00A79F1B /* Sources */ = {
			isa = PBXSourcesBuildPhase;
			buildActionMask = 2147483647;
			files = (
				720A249B2C06308300DB0BB7 /* UIViewController+Extension.swift in Sources */,
				720A24A32C07006300DB0BB7 /* TouristViewController.swift in Sources */,
				720A24942C0629FF00DB0BB7 /* TravelViewController.swift in Sources */,
				724A269C2C03060700A79F1B /* MagazineInfo.swift in Sources */,
				720A24AF2C071C2500DB0BB7 /* CityViewController.swift in Sources */,
				720A24462C04BFBE00DB0BB7 /* ADTableViewCell.swift in Sources */,
				720A24432C04BAC600DB0BB7 /* TravelModel.swift in Sources */,
				720A24D62C0AEF4A00DB0BB7 /* ReuseIdentifierProtocol.swift in Sources */,
				720A243D2C04A74500DB0BB7 /* PopularCitiesViewController.swift in Sources */,
				720A24E32C0CD3B700DB0BB7 /* ChatListTableViewCell.swift in Sources */,
				720A24982C062A3900DB0BB7 /* TravelsTableViewCell.swift in Sources */,
				720A24AB2C07129100DB0BB7 /* UIImageView+Extension.swift in Sources */,
				720A24B32C071E5C00DB0BB7 /* CityTableViewCell.swift in Sources */,
				720A24402C04B63800DB0BB7 /* CitiesTableViewCell.swift in Sources */,
				724A26A52C031AE600A79F1B /* Restaurant.swift in Sources */,
				720A24C92C089F8500DB0BB7 /* UIButton+Extension.swift in Sources */,
				720A24DC2C0CD1CE00DB0BB7 /* ChattingData.swift in Sources */,
				724A26882C03047A00A79F1B /* AppDelegate.swift in Sources */,
				720A248D2C05CC4C00DB0BB7 /* UIColor+Extension.swift in Sources */,
				720A24A72C07041200DB0BB7 /* AdvertisementViewController.swift in Sources */,
				720A248B2C05C44100DB0BB7 /* UILabel+Extension.swift in Sources */,
				720A24C52C0874A300DB0BB7 /* RestaurantsViewController.swift in Sources */,
				720A24A92C07118D00DB0BB7 /* UIView+Extension.swift in Sources */,
				720A24B62C07205E00DB0BB7 /* CityInfo.swift in Sources */,
				724A268A2C03047A00A79F1B /* SceneDelegate.swift in Sources */,
				720A24C22C08727D00DB0BB7 /* RestaurantsTableViewCell.swift in Sources */,
				720A24DE2C0CD20300DB0BB7 /* ChatViewController.swift in Sources */,
				720A24CB2C08A92400DB0BB7 /* MapViewController.swift in Sources */,
			);
			runOnlyForDeploymentPostprocessing = 0;
		};
/* End PBXSourcesBuildPhase section */

/* Begin PBXVariantGroup section */
		724A268D2C03047A00A79F1B /* Main.storyboard */ = {
			isa = PBXVariantGroup;
			children = (
				724A268E2C03047A00A79F1B /* Base */,
			);
			name = Main.storyboard;
			sourceTree = "<group>";
		};
		724A26922C03047B00A79F1B /* LaunchScreen.storyboard */ = {
			isa = PBXVariantGroup;
			children = (
				724A26932C03047B00A79F1B /* Base */,
			);
			name = LaunchScreen.storyboard;
			sourceTree = "<group>";
		};
/* End PBXVariantGroup section */

/* Begin XCBuildConfiguration section */
		724A26962C03047B00A79F1B /* Debug */ = {
			isa = XCBuildConfiguration;
			buildSettings = {
				ALWAYS_SEARCH_USER_PATHS = NO;
				ASSETCATALOG_COMPILER_GENERATE_SWIFT_ASSET_SYMBOL_EXTENSIONS = YES;
				CLANG_ANALYZER_NONNULL = YES;
				CLANG_ANALYZER_NUMBER_OBJECT_CONVERSION = YES_AGGRESSIVE;
				CLANG_CXX_LANGUAGE_STANDARD = "gnu++20";
				CLANG_ENABLE_MODULES = YES;
				CLANG_ENABLE_OBJC_ARC = YES;
				CLANG_ENABLE_OBJC_WEAK = YES;
				CLANG_WARN_BLOCK_CAPTURE_AUTORELEASING = YES;
				CLANG_WARN_BOOL_CONVERSION = YES;
				CLANG_WARN_COMMA = YES;
				CLANG_WARN_CONSTANT_CONVERSION = YES;
				CLANG_WARN_DEPRECATED_OBJC_IMPLEMENTATIONS = YES;
				CLANG_WARN_DIRECT_OBJC_ISA_USAGE = YES_ERROR;
				CLANG_WARN_DOCUMENTATION_COMMENTS = YES;
				CLANG_WARN_EMPTY_BODY = YES;
				CLANG_WARN_ENUM_CONVERSION = YES;
				CLANG_WARN_INFINITE_RECURSION = YES;
				CLANG_WARN_INT_CONVERSION = YES;
				CLANG_WARN_NON_LITERAL_NULL_CONVERSION = YES;
				CLANG_WARN_OBJC_IMPLICIT_RETAIN_SELF = YES;
				CLANG_WARN_OBJC_LITERAL_CONVERSION = YES;
				CLANG_WARN_OBJC_ROOT_CLASS = YES_ERROR;
				CLANG_WARN_QUOTED_INCLUDE_IN_FRAMEWORK_HEADER = YES;
				CLANG_WARN_RANGE_LOOP_ANALYSIS = YES;
				CLANG_WARN_STRICT_PROTOTYPES = YES;
				CLANG_WARN_SUSPICIOUS_MOVE = YES;
				CLANG_WARN_UNGUARDED_AVAILABILITY = YES_AGGRESSIVE;
				CLANG_WARN_UNREACHABLE_CODE = YES;
				CLANG_WARN__DUPLICATE_METHOD_MATCH = YES;
				COPY_PHASE_STRIP = NO;
				DEBUG_INFORMATION_FORMAT = dwarf;
				ENABLE_STRICT_OBJC_MSGSEND = YES;
				ENABLE_TESTABILITY = YES;
				ENABLE_USER_SCRIPT_SANDBOXING = YES;
				GCC_C_LANGUAGE_STANDARD = gnu17;
				GCC_DYNAMIC_NO_PIC = NO;
				GCC_NO_COMMON_BLOCKS = YES;
				GCC_OPTIMIZATION_LEVEL = 0;
				GCC_PREPROCESSOR_DEFINITIONS = (
					"DEBUG=1",
					"$(inherited)",
				);
				GCC_WARN_64_TO_32_BIT_CONVERSION = YES;
				GCC_WARN_ABOUT_RETURN_TYPE = YES_ERROR;
				GCC_WARN_UNDECLARED_SELECTOR = YES;
				GCC_WARN_UNINITIALIZED_AUTOS = YES_AGGRESSIVE;
				GCC_WARN_UNUSED_FUNCTION = YES;
				GCC_WARN_UNUSED_VARIABLE = YES;
				IPHONEOS_DEPLOYMENT_TARGET = 17.4;
				LOCALIZATION_PREFERS_STRING_CATALOGS = YES;
				MTL_ENABLE_DEBUG_INFO = INCLUDE_SOURCE;
				MTL_FAST_MATH = YES;
				ONLY_ACTIVE_ARCH = YES;
				SDKROOT = iphoneos;
				SWIFT_ACTIVE_COMPILATION_CONDITIONS = "DEBUG $(inherited)";
				SWIFT_OPTIMIZATION_LEVEL = "-Onone";
			};
			name = Debug;
		};
		724A26972C03047B00A79F1B /* Release */ = {
			isa = XCBuildConfiguration;
			buildSettings = {
				ALWAYS_SEARCH_USER_PATHS = NO;
				ASSETCATALOG_COMPILER_GENERATE_SWIFT_ASSET_SYMBOL_EXTENSIONS = YES;
				CLANG_ANALYZER_NONNULL = YES;
				CLANG_ANALYZER_NUMBER_OBJECT_CONVERSION = YES_AGGRESSIVE;
				CLANG_CXX_LANGUAGE_STANDARD = "gnu++20";
				CLANG_ENABLE_MODULES = YES;
				CLANG_ENABLE_OBJC_ARC = YES;
				CLANG_ENABLE_OBJC_WEAK = YES;
				CLANG_WARN_BLOCK_CAPTURE_AUTORELEASING = YES;
				CLANG_WARN_BOOL_CONVERSION = YES;
				CLANG_WARN_COMMA = YES;
				CLANG_WARN_CONSTANT_CONVERSION = YES;
				CLANG_WARN_DEPRECATED_OBJC_IMPLEMENTATIONS = YES;
				CLANG_WARN_DIRECT_OBJC_ISA_USAGE = YES_ERROR;
				CLANG_WARN_DOCUMENTATION_COMMENTS = YES;
				CLANG_WARN_EMPTY_BODY = YES;
				CLANG_WARN_ENUM_CONVERSION = YES;
				CLANG_WARN_INFINITE_RECURSION = YES;
				CLANG_WARN_INT_CONVERSION = YES;
				CLANG_WARN_NON_LITERAL_NULL_CONVERSION = YES;
				CLANG_WARN_OBJC_IMPLICIT_RETAIN_SELF = YES;
				CLANG_WARN_OBJC_LITERAL_CONVERSION = YES;
				CLANG_WARN_OBJC_ROOT_CLASS = YES_ERROR;
				CLANG_WARN_QUOTED_INCLUDE_IN_FRAMEWORK_HEADER = YES;
				CLANG_WARN_RANGE_LOOP_ANALYSIS = YES;
				CLANG_WARN_STRICT_PROTOTYPES = YES;
				CLANG_WARN_SUSPICIOUS_MOVE = YES;
				CLANG_WARN_UNGUARDED_AVAILABILITY = YES_AGGRESSIVE;
				CLANG_WARN_UNREACHABLE_CODE = YES;
				CLANG_WARN__DUPLICATE_METHOD_MATCH = YES;
				COPY_PHASE_STRIP = NO;
				DEBUG_INFORMATION_FORMAT = "dwarf-with-dsym";
				ENABLE_NS_ASSERTIONS = NO;
				ENABLE_STRICT_OBJC_MSGSEND = YES;
				ENABLE_USER_SCRIPT_SANDBOXING = YES;
				GCC_C_LANGUAGE_STANDARD = gnu17;
				GCC_NO_COMMON_BLOCKS = YES;
				GCC_WARN_64_TO_32_BIT_CONVERSION = YES;
				GCC_WARN_ABOUT_RETURN_TYPE = YES_ERROR;
				GCC_WARN_UNDECLARED_SELECTOR = YES;
				GCC_WARN_UNINITIALIZED_AUTOS = YES_AGGRESSIVE;
				GCC_WARN_UNUSED_FUNCTION = YES;
				GCC_WARN_UNUSED_VARIABLE = YES;
				IPHONEOS_DEPLOYMENT_TARGET = 17.4;
				LOCALIZATION_PREFERS_STRING_CATALOGS = YES;
				MTL_ENABLE_DEBUG_INFO = NO;
				MTL_FAST_MATH = YES;
				SDKROOT = iphoneos;
				SWIFT_COMPILATION_MODE = wholemodule;
				VALIDATE_PRODUCT = YES;
			};
			name = Release;
		};
		724A26992C03047B00A79F1B /* Debug */ = {
			isa = XCBuildConfiguration;
			buildSettings = {
				ASSETCATALOG_COMPILER_APPICON_NAME = AppIcon;
				ASSETCATALOG_COMPILER_GLOBAL_ACCENT_COLOR_NAME = AccentColor;
				CODE_SIGN_STYLE = Automatic;
				CURRENT_PROJECT_VERSION = 1;
				DEVELOPMENT_TEAM = QQN262X7KM;
				GENERATE_INFOPLIST_FILE = YES;
				INFOPLIST_FILE = TravelMagazine/Info.plist;
				INFOPLIST_KEY_UIApplicationSupportsIndirectInputEvents = YES;
				INFOPLIST_KEY_UILaunchStoryboardName = LaunchScreen;
				INFOPLIST_KEY_UIMainStoryboardFile = Main;
				INFOPLIST_KEY_UISupportedInterfaceOrientations_iPad = "UIInterfaceOrientationPortrait UIInterfaceOrientationPortraitUpsideDown UIInterfaceOrientationLandscapeLeft UIInterfaceOrientationLandscapeRight";
				INFOPLIST_KEY_UISupportedInterfaceOrientations_iPhone = "UIInterfaceOrientationPortrait UIInterfaceOrientationLandscapeLeft UIInterfaceOrientationLandscapeRight";
				IPHONEOS_DEPLOYMENT_TARGET = 16.0;
				LD_RUNPATH_SEARCH_PATHS = (
					"$(inherited)",
					"@executable_path/Frameworks",
				);
				MARKETING_VERSION = 1.0;
				PRODUCT_BUNDLE_IDENTIFIER = com.sesac.TravelMagazine;
				PRODUCT_NAME = "$(TARGET_NAME)";
				SUPPORTED_PLATFORMS = "iphoneos iphonesimulator";
				SUPPORTS_MACCATALYST = NO;
				SUPPORTS_MAC_DESIGNED_FOR_IPHONE_IPAD = NO;
				SUPPORTS_XR_DESIGNED_FOR_IPHONE_IPAD = NO;
				SWIFT_EMIT_LOC_STRINGS = YES;
				SWIFT_VERSION = 5.0;
				TARGETED_DEVICE_FAMILY = 1;
			};
			name = Debug;
		};
		724A269A2C03047B00A79F1B /* Release */ = {
			isa = XCBuildConfiguration;
			buildSettings = {
				ASSETCATALOG_COMPILER_APPICON_NAME = AppIcon;
				ASSETCATALOG_COMPILER_GLOBAL_ACCENT_COLOR_NAME = AccentColor;
				CODE_SIGN_STYLE = Automatic;
				CURRENT_PROJECT_VERSION = 1;
				DEVELOPMENT_TEAM = QQN262X7KM;
				GENERATE_INFOPLIST_FILE = YES;
				INFOPLIST_FILE = TravelMagazine/Info.plist;
				INFOPLIST_KEY_UIApplicationSupportsIndirectInputEvents = YES;
				INFOPLIST_KEY_UILaunchStoryboardName = LaunchScreen;
				INFOPLIST_KEY_UIMainStoryboardFile = Main;
				INFOPLIST_KEY_UISupportedInterfaceOrientations_iPad = "UIInterfaceOrientationPortrait UIInterfaceOrientationPortraitUpsideDown UIInterfaceOrientationLandscapeLeft UIInterfaceOrientationLandscapeRight";
				INFOPLIST_KEY_UISupportedInterfaceOrientations_iPhone = "UIInterfaceOrientationPortrait UIInterfaceOrientationLandscapeLeft UIInterfaceOrientationLandscapeRight";
				IPHONEOS_DEPLOYMENT_TARGET = 16.0;
				LD_RUNPATH_SEARCH_PATHS = (
					"$(inherited)",
					"@executable_path/Frameworks",
				);
				MARKETING_VERSION = 1.0;
				PRODUCT_BUNDLE_IDENTIFIER = com.sesac.TravelMagazine;
				PRODUCT_NAME = "$(TARGET_NAME)";
				SUPPORTED_PLATFORMS = "iphoneos iphonesimulator";
				SUPPORTS_MACCATALYST = NO;
				SUPPORTS_MAC_DESIGNED_FOR_IPHONE_IPAD = NO;
				SUPPORTS_XR_DESIGNED_FOR_IPHONE_IPAD = NO;
				SWIFT_EMIT_LOC_STRINGS = YES;
				SWIFT_VERSION = 5.0;
				TARGETED_DEVICE_FAMILY = 1;
			};
			name = Release;
		};
/* End XCBuildConfiguration section */

/* Begin XCConfigurationList section */
		724A267F2C03047A00A79F1B /* Build configuration list for PBXProject "TravelMagazine" */ = {
			isa = XCConfigurationList;
			buildConfigurations = (
				724A26962C03047B00A79F1B /* Debug */,
				724A26972C03047B00A79F1B /* Release */,
			);
			defaultConfigurationIsVisible = 0;
			defaultConfigurationName = Release;
		};
		724A26982C03047B00A79F1B /* Build configuration list for PBXNativeTarget "TravelMagazine" */ = {
			isa = XCConfigurationList;
			buildConfigurations = (
				724A26992C03047B00A79F1B /* Debug */,
				724A269A2C03047B00A79F1B /* Release */,
			);
			defaultConfigurationIsVisible = 0;
			defaultConfigurationName = Release;
		};
/* End XCConfigurationList section */

/* Begin XCRemoteSwiftPackageReference section */
		720A248E2C05D41E00DB0BB7 /* XCRemoteSwiftPackageReference "Cosmos" */ = {
			isa = XCRemoteSwiftPackageReference;
			repositoryURL = "https://github.com/evgenyneu/Cosmos.git";
			requirement = {
				kind = upToNextMajorVersion;
				minimumVersion = 25.0.1;
			};
		};
		724A26A12C030FF300A79F1B /* XCRemoteSwiftPackageReference "Kingfisher" */ = {
			isa = XCRemoteSwiftPackageReference;
			repositoryURL = "https://github.com/onevcat/Kingfisher.git";
			requirement = {
				kind = upToNextMajorVersion;
				minimumVersion = 7.11.0;
			};
		};
/* End XCRemoteSwiftPackageReference section */

/* Begin XCSwiftPackageProductDependency section */
		720A248F2C05D41E00DB0BB7 /* Cosmos */ = {
			isa = XCSwiftPackageProductDependency;
			package = 720A248E2C05D41E00DB0BB7 /* XCRemoteSwiftPackageReference "Cosmos" */;
			productName = Cosmos;
		};
		724A26A22C030FF300A79F1B /* Kingfisher */ = {
			isa = XCSwiftPackageProductDependency;
			package = 724A26A12C030FF300A79F1B /* XCRemoteSwiftPackageReference "Kingfisher" */;
			productName = Kingfisher;
		};
/* End XCSwiftPackageProductDependency section */
	};
	rootObject = 724A267C2C03047A00A79F1B /* Project object */;
}
